// !$*UTF8*$!
{
	archiveVersion = 1;
	classes = {
	};
	objectVersion = 50;
	objects = {

/* Begin PBXBuildFile section */
		1D0D86BDC67FBA7D29A83EEC /* Pods_Roasters.framework in Frameworks */ = {isa = PBXBuildFile; fileRef = 87A3DE14E13D98A939BDC2A4 /* Pods_Roasters.framework */; };
		4DBBE8969593B40376E2381F /* Pods_RoastersTests.framework in Frameworks */ = {isa = PBXBuildFile; fileRef = 1FDDC57F9703ED952BFDD02A /* Pods_RoastersTests.framework */; };
		DACEC7E024FE816F00B0A453 /* AppDelegate.swift in Sources */ = {isa = PBXBuildFile; fileRef = DACEC7DF24FE816F00B0A453 /* AppDelegate.swift */; };
		DACEC7E224FE816F00B0A453 /* SceneDelegate.swift in Sources */ = {isa = PBXBuildFile; fileRef = DACEC7E124FE816F00B0A453 /* SceneDelegate.swift */; };
		DACEC7E424FE816F00B0A453 /* ViewController.swift in Sources */ = {isa = PBXBuildFile; fileRef = DACEC7E324FE816F00B0A453 /* ViewController.swift */; };
		DACEC7E724FE816F00B0A453 /* Main.storyboard in Resources */ = {isa = PBXBuildFile; fileRef = DACEC7E524FE816F00B0A453 /* Main.storyboard */; };
		DACEC7EA24FE816F00B0A453 /* Roasters.xcdatamodeld in Sources */ = {isa = PBXBuildFile; fileRef = DACEC7E824FE816F00B0A453 /* Roasters.xcdatamodeld */; };
		DACEC7EC24FE817100B0A453 /* Assets.xcassets in Resources */ = {isa = PBXBuildFile; fileRef = DACEC7EB24FE817100B0A453 /* Assets.xcassets */; };
		DACEC7EF24FE817100B0A453 /* LaunchScreen.storyboard in Resources */ = {isa = PBXBuildFile; fileRef = DACEC7ED24FE817100B0A453 /* LaunchScreen.storyboard */; };
		DACEC7FA24FE817200B0A453 /* RoastersTests.swift in Sources */ = {isa = PBXBuildFile; fileRef = DACEC7F924FE817200B0A453 /* RoastersTests.swift */; };
		DACEC80524FE817200B0A453 /* RoastersUITests.swift in Sources */ = {isa = PBXBuildFile; fileRef = DACEC80424FE817200B0A453 /* RoastersUITests.swift */; };
		E02D5E864D4D3081B79F9E1D /* Pods_Roasters_RoastersUITests.framework in Frameworks */ = {isa = PBXBuildFile; fileRef = 59FEE021CAA8F7B48AC288CD /* Pods_Roasters_RoastersUITests.framework */; };
/* End PBXBuildFile section */

/* Begin PBXContainerItemProxy section */
		DACEC7F624FE817100B0A453 /* PBXContainerItemProxy */ = {
			isa = PBXContainerItemProxy;
			containerPortal = DACEC7D424FE816F00B0A453 /* Project object */;
			proxyType = 1;
			remoteGlobalIDString = DACEC7DB24FE816F00B0A453;
			remoteInfo = Roasters;
		};
		DACEC80124FE817200B0A453 /* PBXContainerItemProxy */ = {
			isa = PBXContainerItemProxy;
			containerPortal = DACEC7D424FE816F00B0A453 /* Project object */;
			proxyType = 1;
			remoteGlobalIDString = DACEC7DB24FE816F00B0A453;
			remoteInfo = Roasters;
		};
/* End PBXContainerItemProxy section */

/* Begin PBXFileReference section */
		1FDDC57F9703ED952BFDD02A /* Pods_RoastersTests.framework */ = {isa = PBXFileReference; explicitFileType = wrapper.framework; includeInIndex = 0; path = Pods_RoastersTests.framework; sourceTree = BUILT_PRODUCTS_DIR; };
		1FE6A5F943DD1AAE37CE82B9 /* Pods-Roasters.release.xcconfig */ = {isa = PBXFileReference; includeInIndex = 1; lastKnownFileType = text.xcconfig; name = "Pods-Roasters.release.xcconfig"; path = "Target Support Files/Pods-Roasters/Pods-Roasters.release.xcconfig"; sourceTree = "<group>"; };
		44F82A33FA5FBBBFDAA871D8 /* Pods-RoastersTests.debug.xcconfig */ = {isa = PBXFileReference; includeInIndex = 1; lastKnownFileType = text.xcconfig; name = "Pods-RoastersTests.debug.xcconfig"; path = "Target Support Files/Pods-RoastersTests/Pods-RoastersTests.debug.xcconfig"; sourceTree = "<group>"; };
		59FEE021CAA8F7B48AC288CD /* Pods_Roasters_RoastersUITests.framework */ = {isa = PBXFileReference; explicitFileType = wrapper.framework; includeInIndex = 0; path = Pods_Roasters_RoastersUITests.framework; sourceTree = BUILT_PRODUCTS_DIR; };
		5D80271B30E8B488ADC2EEC8 /* Pods-Roasters.debug.xcconfig */ = {isa = PBXFileReference; includeInIndex = 1; lastKnownFileType = text.xcconfig; name = "Pods-Roasters.debug.xcconfig"; path = "Target Support Files/Pods-Roasters/Pods-Roasters.debug.xcconfig"; sourceTree = "<group>"; };
		82A7DAA6BD5C847A235A8E9B /* Pods-RoastersTests.release.xcconfig */ = {isa = PBXFileReference; includeInIndex = 1; lastKnownFileType = text.xcconfig; name = "Pods-RoastersTests.release.xcconfig"; path = "Target Support Files/Pods-RoastersTests/Pods-RoastersTests.release.xcconfig"; sourceTree = "<group>"; };
		87A3DE14E13D98A939BDC2A4 /* Pods_Roasters.framework */ = {isa = PBXFileReference; explicitFileType = wrapper.framework; includeInIndex = 0; path = Pods_Roasters.framework; sourceTree = BUILT_PRODUCTS_DIR; };
		DACEC7DC24FE816F00B0A453 /* Roasters.app */ = {isa = PBXFileReference; explicitFileType = wrapper.application; includeInIndex = 0; path = Roasters.app; sourceTree = BUILT_PRODUCTS_DIR; };
		DACEC7DF24FE816F00B0A453 /* AppDelegate.swift */ = {isa = PBXFileReference; lastKnownFileType = sourcecode.swift; path = AppDelegate.swift; sourceTree = "<group>"; };
		DACEC7E124FE816F00B0A453 /* SceneDelegate.swift */ = {isa = PBXFileReference; lastKnownFileType = sourcecode.swift; path = SceneDelegate.swift; sourceTree = "<group>"; };
		DACEC7E324FE816F00B0A453 /* ViewController.swift */ = {isa = PBXFileReference; lastKnownFileType = sourcecode.swift; path = ViewController.swift; sourceTree = "<group>"; };
		DACEC7E624FE816F00B0A453 /* Base */ = {isa = PBXFileReference; lastKnownFileType = file.storyboard; name = Base; path = Base.lproj/Main.storyboard; sourceTree = "<group>"; };
		DACEC7E924FE816F00B0A453 /* Roasters.xcdatamodel */ = {isa = PBXFileReference; lastKnownFileType = wrapper.xcdatamodel; path = Roasters.xcdatamodel; sourceTree = "<group>"; };
		DACEC7EB24FE817100B0A453 /* Assets.xcassets */ = {isa = PBXFileReference; lastKnownFileType = folder.assetcatalog; path = Assets.xcassets; sourceTree = "<group>"; };
		DACEC7EE24FE817100B0A453 /* Base */ = {isa = PBXFileReference; lastKnownFileType = file.storyboard; name = Base; path = Base.lproj/LaunchScreen.storyboard; sourceTree = "<group>"; };
		DACEC7F024FE817100B0A453 /* Info.plist */ = {isa = PBXFileReference; lastKnownFileType = text.plist.xml; path = Info.plist; sourceTree = "<group>"; };
		DACEC7F524FE817100B0A453 /* RoastersTests.xctest */ = {isa = PBXFileReference; explicitFileType = wrapper.cfbundle; includeInIndex = 0; path = RoastersTests.xctest; sourceTree = BUILT_PRODUCTS_DIR; };
		DACEC7F924FE817200B0A453 /* RoastersTests.swift */ = {isa = PBXFileReference; lastKnownFileType = sourcecode.swift; path = RoastersTests.swift; sourceTree = "<group>"; };
		DACEC7FB24FE817200B0A453 /* Info.plist */ = {isa = PBXFileReference; lastKnownFileType = text.plist.xml; path = Info.plist; sourceTree = "<group>"; };
		DACEC80024FE817200B0A453 /* RoastersUITests.xctest */ = {isa = PBXFileReference; explicitFileType = wrapper.cfbundle; includeInIndex = 0; path = RoastersUITests.xctest; sourceTree = BUILT_PRODUCTS_DIR; };
		DACEC80424FE817200B0A453 /* RoastersUITests.swift */ = {isa = PBXFileReference; lastKnownFileType = sourcecode.swift; path = RoastersUITests.swift; sourceTree = "<group>"; };
		DACEC80624FE817200B0A453 /* Info.plist */ = {isa = PBXFileReference; lastKnownFileType = text.plist.xml; path = Info.plist; sourceTree = "<group>"; };
		E9ABBDA0624E8C790C28232D /* Pods-Roasters-RoastersUITests.release.xcconfig */ = {isa = PBXFileReference; includeInIndex = 1; lastKnownFileType = text.xcconfig; name = "Pods-Roasters-RoastersUITests.release.xcconfig"; path = "Target Support Files/Pods-Roasters-RoastersUITests/Pods-Roasters-RoastersUITests.release.xcconfig"; sourceTree = "<group>"; };
		EBE24F8379FEFB5DBE91F988 /* Pods-Roasters-RoastersUITests.debug.xcconfig */ = {isa = PBXFileReference; includeInIndex = 1; lastKnownFileType = text.xcconfig; name = "Pods-Roasters-RoastersUITests.debug.xcconfig"; path = "Target Support Files/Pods-Roasters-RoastersUITests/Pods-Roasters-RoastersUITests.debug.xcconfig"; sourceTree = "<group>"; };
/* End PBXFileReference section */

/* Begin PBXFrameworksBuildPhase section */
		DACEC7D924FE816F00B0A453 /* Frameworks */ = {
			isa = PBXFrameworksBuildPhase;
			buildActionMask = 2147483647;
			files = (
				1D0D86BDC67FBA7D29A83EEC /* Pods_Roasters.framework in Frameworks */,
			);
			runOnlyForDeploymentPostprocessing = 0;
		};
		DACEC7F224FE817100B0A453 /* Frameworks */ = {
			isa = PBXFrameworksBuildPhase;
			buildActionMask = 2147483647;
			files = (
				4DBBE8969593B40376E2381F /* Pods_RoastersTests.framework in Frameworks */,
			);
			runOnlyForDeploymentPostprocessing = 0;
		};
		DACEC7FD24FE817200B0A453 /* Frameworks */ = {
			isa = PBXFrameworksBuildPhase;
			buildActionMask = 2147483647;
			files = (
				E02D5E864D4D3081B79F9E1D /* Pods_Roasters_RoastersUITests.framework in Frameworks */,
			);
			runOnlyForDeploymentPostprocessing = 0;
		};
/* End PBXFrameworksBuildPhase section */

/* Begin PBXGroup section */
		3E6B20A1B20D800A92D2E1BE /* Pods */ = {
			isa = PBXGroup;
			children = (
				5D80271B30E8B488ADC2EEC8 /* Pods-Roasters.debug.xcconfig */,
				1FE6A5F943DD1AAE37CE82B9 /* Pods-Roasters.release.xcconfig */,
				EBE24F8379FEFB5DBE91F988 /* Pods-Roasters-RoastersUITests.debug.xcconfig */,
				E9ABBDA0624E8C790C28232D /* Pods-Roasters-RoastersUITests.release.xcconfig */,
				44F82A33FA5FBBBFDAA871D8 /* Pods-RoastersTests.debug.xcconfig */,
				82A7DAA6BD5C847A235A8E9B /* Pods-RoastersTests.release.xcconfig */,
			);
			name = Pods;
			path = Pods;
			sourceTree = "<group>";
		};
		DACEC7D324FE816F00B0A453 = {
			isa = PBXGroup;
			children = (
				DACEC7DE24FE816F00B0A453 /* Roasters */,
				DACEC7F824FE817200B0A453 /* RoastersTests */,
				DACEC80324FE817200B0A453 /* RoastersUITests */,
				DACEC7DD24FE816F00B0A453 /* Products */,
				3E6B20A1B20D800A92D2E1BE /* Pods */,
				FAC2D3D90A7ECB878B123E58 /* Frameworks */,
			);
			sourceTree = "<group>";
		};
		DACEC7DD24FE816F00B0A453 /* Products */ = {
			isa = PBXGroup;
			children = (
				DACEC7DC24FE816F00B0A453 /* Roasters.app */,
				DACEC7F524FE817100B0A453 /* RoastersTests.xctest */,
				DACEC80024FE817200B0A453 /* RoastersUITests.xctest */,
			);
			name = Products;
			sourceTree = "<group>";
		};
		DACEC7DE24FE816F00B0A453 /* Roasters */ = {
			isa = PBXGroup;
			children = (
				DACEC7DF24FE816F00B0A453 /* AppDelegate.swift */,
				DACEC7E124FE816F00B0A453 /* SceneDelegate.swift */,
				DACEC7E324FE816F00B0A453 /* ViewController.swift */,
				DACEC7E524FE816F00B0A453 /* Main.storyboard */,
				DACEC7EB24FE817100B0A453 /* Assets.xcassets */,
				DACEC7ED24FE817100B0A453 /* LaunchScreen.storyboard */,
				DACEC7F024FE817100B0A453 /* Info.plist */,
				DACEC7E824FE816F00B0A453 /* Roasters.xcdatamodeld */,
			);
			path = Roasters;
			sourceTree = "<group>";
		};
		DACEC7F824FE817200B0A453 /* RoastersTests */ = {
			isa = PBXGroup;
			children = (
				DACEC7F924FE817200B0A453 /* RoastersTests.swift */,
				DACEC7FB24FE817200B0A453 /* Info.plist */,
			);
			path = RoastersTests;
			sourceTree = "<group>";
		};
		DACEC80324FE817200B0A453 /* RoastersUITests */ = {
			isa = PBXGroup;
			children = (
				DACEC80424FE817200B0A453 /* RoastersUITests.swift */,
				DACEC80624FE817200B0A453 /* Info.plist */,
			);
			path = RoastersUITests;
			sourceTree = "<group>";
		};
		FAC2D3D90A7ECB878B123E58 /* Frameworks */ = {
			isa = PBXGroup;
			children = (
				87A3DE14E13D98A939BDC2A4 /* Pods_Roasters.framework */,
				59FEE021CAA8F7B48AC288CD /* Pods_Roasters_RoastersUITests.framework */,
				1FDDC57F9703ED952BFDD02A /* Pods_RoastersTests.framework */,
			);
			name = Frameworks;
			sourceTree = "<group>";
		};
/* End PBXGroup section */

/* Begin PBXNativeTarget section */
		DACEC7DB24FE816F00B0A453 /* Roasters */ = {
			isa = PBXNativeTarget;
			buildConfigurationList = DACEC80924FE817200B0A453 /* Build configuration list for PBXNativeTarget "Roasters" */;
			buildPhases = (
				DC925D92A2E4D61987AA08D3 /* [CP] Check Pods Manifest.lock */,
				DACEC7D824FE816F00B0A453 /* Sources */,
				DACEC7D924FE816F00B0A453 /* Frameworks */,
				DACEC7DA24FE816F00B0A453 /* Resources */,
				FEC85237C7EB401B576D75E4 /* [CP] Embed Pods Frameworks */,
			);
			buildRules = (
			);
			dependencies = (
			);
			name = Roasters;
			productName = Roasters;
			productReference = DACEC7DC24FE816F00B0A453 /* Roasters.app */;
			productType = "com.apple.product-type.application";
		};
		DACEC7F424FE817100B0A453 /* RoastersTests */ = {
			isa = PBXNativeTarget;
			buildConfigurationList = DACEC80C24FE817200B0A453 /* Build configuration list for PBXNativeTarget "RoastersTests" */;
			buildPhases = (
				7F9756D9E4E61ADD79EC77FF /* [CP] Check Pods Manifest.lock */,
				DACEC7F124FE817100B0A453 /* Sources */,
				DACEC7F224FE817100B0A453 /* Frameworks */,
				DACEC7F324FE817100B0A453 /* Resources */,
			);
			buildRules = (
			);
			dependencies = (
				DACEC7F724FE817100B0A453 /* PBXTargetDependency */,
			);
			name = RoastersTests;
			productName = RoastersTests;
			productReference = DACEC7F524FE817100B0A453 /* RoastersTests.xctest */;
			productType = "com.apple.product-type.bundle.unit-test";
		};
		DACEC7FF24FE817200B0A453 /* RoastersUITests */ = {
			isa = PBXNativeTarget;
			buildConfigurationList = DACEC80F24FE817200B0A453 /* Build configuration list for PBXNativeTarget "RoastersUITests" */;
			buildPhases = (
				6C20550BB464CD7EF190A9E3 /* [CP] Check Pods Manifest.lock */,
				DACEC7FC24FE817200B0A453 /* Sources */,
				DACEC7FD24FE817200B0A453 /* Frameworks */,
				DACEC7FE24FE817200B0A453 /* Resources */,
				58525A9DB1A0D82FA1A3B3A1 /* [CP] Embed Pods Frameworks */,
			);
			buildRules = (
			);
			dependencies = (
				DACEC80224FE817200B0A453 /* PBXTargetDependency */,
			);
			name = RoastersUITests;
			productName = RoastersUITests;
			productReference = DACEC80024FE817200B0A453 /* RoastersUITests.xctest */;
			productType = "com.apple.product-type.bundle.ui-testing";
		};
/* End PBXNativeTarget section */

/* Begin PBXProject section */
		DACEC7D424FE816F00B0A453 /* Project object */ = {
			isa = PBXProject;
			attributes = {
				LastSwiftUpdateCheck = 1160;
				LastUpgradeCheck = 1160;
				ORGANIZATIONNAME = kimtaehoon;
				TargetAttributes = {
					DACEC7DB24FE816F00B0A453 = {
						CreatedOnToolsVersion = 11.6;
					};
					DACEC7F424FE817100B0A453 = {
						CreatedOnToolsVersion = 11.6;
						TestTargetID = DACEC7DB24FE816F00B0A453;
					};
					DACEC7FF24FE817200B0A453 = {
						CreatedOnToolsVersion = 11.6;
						TestTargetID = DACEC7DB24FE816F00B0A453;
					};
				};
			};
			buildConfigurationList = DACEC7D724FE816F00B0A453 /* Build configuration list for PBXProject "Roasters" */;
			compatibilityVersion = "Xcode 9.3";
			developmentRegion = en;
			hasScannedForEncodings = 0;
			knownRegions = (
				en,
				Base,
			);
			mainGroup = DACEC7D324FE816F00B0A453;
			productRefGroup = DACEC7DD24FE816F00B0A453 /* Products */;
			projectDirPath = "";
			projectRoot = "";
			targets = (
				DACEC7DB24FE816F00B0A453 /* Roasters */,
				DACEC7F424FE817100B0A453 /* RoastersTests */,
				DACEC7FF24FE817200B0A453 /* RoastersUITests */,
			);
		};
/* End PBXProject section */

/* Begin PBXResourcesBuildPhase section */
		DACEC7DA24FE816F00B0A453 /* Resources */ = {
			isa = PBXResourcesBuildPhase;
			buildActionMask = 2147483647;
			files = (
				DACEC7EF24FE817100B0A453 /* LaunchScreen.storyboard in Resources */,
				DACEC7EC24FE817100B0A453 /* Assets.xcassets in Resources */,
				DACEC7E724FE816F00B0A453 /* Main.storyboard in Resources */,
			);
			runOnlyForDeploymentPostprocessing = 0;
		};
		DACEC7F324FE817100B0A453 /* Resources */ = {
			isa = PBXResourcesBuildPhase;
			buildActionMask = 2147483647;
			files = (
			);
			runOnlyForDeploymentPostprocessing = 0;
		};
		DACEC7FE24FE817200B0A453 /* Resources */ = {
			isa = PBXResourcesBuildPhase;
			buildActionMask = 2147483647;
			files = (
			);
			runOnlyForDeploymentPostprocessing = 0;
		};
/* End PBXResourcesBuildPhase section */

/* Begin PBXShellScriptBuildPhase section */
		58525A9DB1A0D82FA1A3B3A1 /* [CP] Embed Pods Frameworks */ = {
			isa = PBXShellScriptBuildPhase;
			buildActionMask = 2147483647;
			files = (
			);
			inputFileListPaths = (
				"${PODS_ROOT}/Target Support Files/Pods-Roasters-RoastersUITests/Pods-Roasters-RoastersUITests-frameworks-${CONFIGURATION}-input-files.xcfilelist",
			);
			name = "[CP] Embed Pods Frameworks";
			outputFileListPaths = (
				"${PODS_ROOT}/Target Support Files/Pods-Roasters-RoastersUITests/Pods-Roasters-RoastersUITests-frameworks-${CONFIGURATION}-output-files.xcfilelist",
			);
			runOnlyForDeploymentPostprocessing = 0;
			shellPath = /bin/sh;
			shellScript = "\"${PODS_ROOT}/Target Support Files/Pods-Roasters-RoastersUITests/Pods-Roasters-RoastersUITests-frameworks.sh\"\n";
			showEnvVarsInLog = 0;
		};
		6C20550BB464CD7EF190A9E3 /* [CP] Check Pods Manifest.lock */ = {
			isa = PBXShellScriptBuildPhase;
			buildActionMask = 2147483647;
			files = (
			);
			inputFileListPaths = (
			);
			inputPaths = (
				"${PODS_PODFILE_DIR_PATH}/Podfile.lock",
				"${PODS_ROOT}/Manifest.lock",
			);
			name = "[CP] Check Pods Manifest.lock";
			outputFileListPaths = (
			);
			outputPaths = (
				"$(DERIVED_FILE_DIR)/Pods-Roasters-RoastersUITests-checkManifestLockResult.txt",
			);
			runOnlyForDeploymentPostprocessing = 0;
			shellPath = /bin/sh;
			shellScript = "diff \"${PODS_PODFILE_DIR_PATH}/Podfile.lock\" \"${PODS_ROOT}/Manifest.lock\" > /dev/null\nif [ $? != 0 ] ; then\n    # print error to STDERR\n    echo \"error: The sandbox is not in sync with the Podfile.lock. Run 'pod install' or update your CocoaPods installation.\" >&2\n    exit 1\nfi\n# This output is used by Xcode 'outputs' to avoid re-running this script phase.\necho \"SUCCESS\" > \"${SCRIPT_OUTPUT_FILE_0}\"\n";
			showEnvVarsInLog = 0;
		};
		7F9756D9E4E61ADD79EC77FF /* [CP] Check Pods Manifest.lock */ = {
			isa = PBXShellScriptBuildPhase;
			buildActionMask = 2147483647;
			files = (
			);
			inputFileListPaths = (
			);
			inputPaths = (
				"${PODS_PODFILE_DIR_PATH}/Podfile.lock",
				"${PODS_ROOT}/Manifest.lock",
			);
			name = "[CP] Check Pods Manifest.lock";
			outputFileListPaths = (
			);
			outputPaths = (
				"$(DERIVED_FILE_DIR)/Pods-RoastersTests-checkManifestLockResult.txt",
			);
			runOnlyForDeploymentPostprocessing = 0;
			shellPath = /bin/sh;
			shellScript = "diff \"${PODS_PODFILE_DIR_PATH}/Podfile.lock\" \"${PODS_ROOT}/Manifest.lock\" > /dev/null\nif [ $? != 0 ] ; then\n    # print error to STDERR\n    echo \"error: The sandbox is not in sync with the Podfile.lock. Run 'pod install' or update your CocoaPods installation.\" >&2\n    exit 1\nfi\n# This output is used by Xcode 'outputs' to avoid re-running this script phase.\necho \"SUCCESS\" > \"${SCRIPT_OUTPUT_FILE_0}\"\n";
			showEnvVarsInLog = 0;
		};
		DC925D92A2E4D61987AA08D3 /* [CP] Check Pods Manifest.lock */ = {
			isa = PBXShellScriptBuildPhase;
			buildActionMask = 2147483647;
			files = (
			);
			inputFileListPaths = (
			);
			inputPaths = (
				"${PODS_PODFILE_DIR_PATH}/Podfile.lock",
				"${PODS_ROOT}/Manifest.lock",
			);
			name = "[CP] Check Pods Manifest.lock";
			outputFileListPaths = (
			);
			outputPaths = (
				"$(DERIVED_FILE_DIR)/Pods-Roasters-checkManifestLockResult.txt",
			);
			runOnlyForDeploymentPostprocessing = 0;
			shellPath = /bin/sh;
			shellScript = "diff \"${PODS_PODFILE_DIR_PATH}/Podfile.lock\" \"${PODS_ROOT}/Manifest.lock\" > /dev/null\nif [ $? != 0 ] ; then\n    # print error to STDERR\n    echo \"error: The sandbox is not in sync with the Podfile.lock. Run 'pod install' or update your CocoaPods installation.\" >&2\n    exit 1\nfi\n# This output is used by Xcode 'outputs' to avoid re-running this script phase.\necho \"SUCCESS\" > \"${SCRIPT_OUTPUT_FILE_0}\"\n";
			showEnvVarsInLog = 0;
		};
		FEC85237C7EB401B576D75E4 /* [CP] Embed Pods Frameworks */ = {
			isa = PBXShellScriptBuildPhase;
			buildActionMask = 2147483647;
			files = (
			);
			inputFileListPaths = (
				"${PODS_ROOT}/Target Support Files/Pods-Roasters/Pods-Roasters-frameworks-${CONFIGURATION}-input-files.xcfilelist",
			);
			name = "[CP] Embed Pods Frameworks";
			outputFileListPaths = (
				"${PODS_ROOT}/Target Support Files/Pods-Roasters/Pods-Roasters-frameworks-${CONFIGURATION}-output-files.xcfilelist",
			);
			runOnlyForDeploymentPostprocessing = 0;
			shellPath = /bin/sh;
			shellScript = "\"${PODS_ROOT}/Target Support Files/Pods-Roasters/Pods-Roasters-frameworks.sh\"\n";
			showEnvVarsInLog = 0;
		};
/* End PBXShellScriptBuildPhase section */

/* Begin PBXSourcesBuildPhase section */
		DACEC7D824FE816F00B0A453 /* Sources */ = {
			isa = PBXSourcesBuildPhase;
			buildActionMask = 2147483647;
			files = (
				DACEC7EA24FE816F00B0A453 /* Roasters.xcdatamodeld in Sources */,
				DACEC7E424FE816F00B0A453 /* ViewController.swift in Sources */,
				DACEC7E024FE816F00B0A453 /* AppDelegate.swift in Sources */,
				DACEC7E224FE816F00B0A453 /* SceneDelegate.swift in Sources */,
			);
			runOnlyForDeploymentPostprocessing = 0;
		};
		DACEC7F124FE817100B0A453 /* Sources */ = {
			isa = PBXSourcesBuildPhase;
			buildActionMask = 2147483647;
			files = (
				DACEC7FA24FE817200B0A453 /* RoastersTests.swift in Sources */,
			);
			runOnlyForDeploymentPostprocessing = 0;
		};
		DACEC7FC24FE817200B0A453 /* Sources */ = {
			isa = PBXSourcesBuildPhase;
			buildActionMask = 2147483647;
			files = (
				DACEC80524FE817200B0A453 /* RoastersUITests.swift in Sources */,
			);
			runOnlyForDeploymentPostprocessing = 0;
		};
/* End PBXSourcesBuildPhase section */

/* Begin PBXTargetDependency section */
		DACEC7F724FE817100B0A453 /* PBXTargetDependency */ = {
			isa = PBXTargetDependency;
			target = DACEC7DB24FE816F00B0A453 /* Roasters */;
			targetProxy = DACEC7F624FE817100B0A453 /* PBXContainerItemProxy */;
		};
		DACEC80224FE817200B0A453 /* PBXTargetDependency */ = {
			isa = PBXTargetDependency;
			target = DACEC7DB24FE816F00B0A453 /* Roasters */;
			targetProxy = DACEC80124FE817200B0A453 /* PBXContainerItemProxy */;
		};
/* End PBXTargetDependency section */

/* Begin PBXVariantGroup section */
		DACEC7E524FE816F00B0A453 /* Main.storyboard */ = {
			isa = PBXVariantGroup;
			children = (
				DACEC7E624FE816F00B0A453 /* Base */,
			);
			name = Main.storyboard;
			sourceTree = "<group>";
		};
		DACEC7ED24FE817100B0A453 /* LaunchScreen.storyboard */ = {
			isa = PBXVariantGroup;
			children = (
				DACEC7EE24FE817100B0A453 /* Base */,
			);
			name = LaunchScreen.storyboard;
			sourceTree = "<group>";
		};
/* End PBXVariantGroup section */

/* Begin XCBuildConfiguration section */
		DACEC80724FE817200B0A453 /* Debug */ = {
			isa = XCBuildConfiguration;
			buildSettings = {
				ALWAYS_SEARCH_USER_PATHS = NO;
				CLANG_ANALYZER_NONNULL = YES;
				CLANG_ANALYZER_NUMBER_OBJECT_CONVERSION = YES_AGGRESSIVE;
				CLANG_CXX_LANGUAGE_STANDARD = "gnu++14";
				CLANG_CXX_LIBRARY = "libc++";
				CLANG_ENABLE_MODULES = YES;
				CLANG_ENABLE_OBJC_ARC = YES;
				CLANG_ENABLE_OBJC_WEAK = YES;
				CLANG_WARN_BLOCK_CAPTURE_AUTORELEASING = YES;
				CLANG_WARN_BOOL_CONVERSION = YES;
				CLANG_WARN_COMMA = YES;
				CLANG_WARN_CONSTANT_CONVERSION = YES;
				CLANG_WARN_DEPRECATED_OBJC_IMPLEMENTATIONS = YES;
				CLANG_WARN_DIRECT_OBJC_ISA_USAGE = YES_ERROR;
				CLANG_WARN_DOCUMENTATION_COMMENTS = YES;
				CLANG_WARN_EMPTY_BODY = YES;
				CLANG_WARN_ENUM_CONVERSION = YES;
				CLANG_WARN_INFINITE_RECURSION = YES;
				CLANG_WARN_INT_CONVERSION = YES;
				CLANG_WARN_NON_LITERAL_NULL_CONVERSION = YES;
				CLANG_WARN_OBJC_IMPLICIT_RETAIN_SELF = YES;
				CLANG_WARN_OBJC_LITERAL_CONVERSION = YES;
				CLANG_WARN_OBJC_ROOT_CLASS = YES_ERROR;
				CLANG_WARN_RANGE_LOOP_ANALYSIS = YES;
				CLANG_WARN_STRICT_PROTOTYPES = YES;
				CLANG_WARN_SUSPICIOUS_MOVE = YES;
				CLANG_WARN_UNGUARDED_AVAILABILITY = YES_AGGRESSIVE;
				CLANG_WARN_UNREACHABLE_CODE = YES;
				CLANG_WARN__DUPLICATE_METHOD_MATCH = YES;
				COPY_PHASE_STRIP = NO;
				DEBUG_INFORMATION_FORMAT = dwarf;
				ENABLE_STRICT_OBJC_MSGSEND = YES;
				ENABLE_TESTABILITY = YES;
				GCC_C_LANGUAGE_STANDARD = gnu11;
				GCC_DYNAMIC_NO_PIC = NO;
				GCC_NO_COMMON_BLOCKS = YES;
				GCC_OPTIMIZATION_LEVEL = 0;
				GCC_PREPROCESSOR_DEFINITIONS = (
					"DEBUG=1",
					"$(inherited)",
				);
				GCC_WARN_64_TO_32_BIT_CONVERSION = YES;
				GCC_WARN_ABOUT_RETURN_TYPE = YES_ERROR;
				GCC_WARN_UNDECLARED_SELECTOR = YES;
				GCC_WARN_UNINITIALIZED_AUTOS = YES_AGGRESSIVE;
				GCC_WARN_UNUSED_FUNCTION = YES;
				GCC_WARN_UNUSED_VARIABLE = YES;
				IPHONEOS_DEPLOYMENT_TARGET = 13.6;
				MTL_ENABLE_DEBUG_INFO = INCLUDE_SOURCE;
				MTL_FAST_MATH = YES;
				ONLY_ACTIVE_ARCH = YES;
				SDKROOT = iphoneos;
				SWIFT_ACTIVE_COMPILATION_CONDITIONS = DEBUG;
				SWIFT_OPTIMIZATION_LEVEL = "-Onone";
			};
			name = Debug;
		};
		DACEC80824FE817200B0A453 /* Release */ = {
			isa = XCBuildConfiguration;
			buildSettings = {
				ALWAYS_SEARCH_USER_PATHS = NO;
				CLANG_ANALYZER_NONNULL = YES;
				CLANG_ANALYZER_NUMBER_OBJECT_CONVERSION = YES_AGGRESSIVE;
				CLANG_CXX_LANGUAGE_STANDARD = "gnu++14";
				CLANG_CXX_LIBRARY = "libc++";
				CLANG_ENABLE_MODULES = YES;
				CLANG_ENABLE_OBJC_ARC = YES;
				CLANG_ENABLE_OBJC_WEAK = YES;
				CLANG_WARN_BLOCK_CAPTURE_AUTORELEASING = YES;
				CLANG_WARN_BOOL_CONVERSION = YES;
				CLANG_WARN_COMMA = YES;
				CLANG_WARN_CONSTANT_CONVERSION = YES;
				CLANG_WARN_DEPRECATED_OBJC_IMPLEMENTATIONS = YES;
				CLANG_WARN_DIRECT_OBJC_ISA_USAGE = YES_ERROR;
				CLANG_WARN_DOCUMENTATION_COMMENTS = YES;
				CLANG_WARN_EMPTY_BODY = YES;
				CLANG_WARN_ENUM_CONVERSION = YES;
				CLANG_WARN_INFINITE_RECURSION = YES;
				CLANG_WARN_INT_CONVERSION = YES;
				CLANG_WARN_NON_LITERAL_NULL_CONVERSION = YES;
				CLANG_WARN_OBJC_IMPLICIT_RETAIN_SELF = YES;
				CLANG_WARN_OBJC_LITERAL_CONVERSION = YES;
				CLANG_WARN_OBJC_ROOT_CLASS = YES_ERROR;
				CLANG_WARN_RANGE_LOOP_ANALYSIS = YES;
				CLANG_WARN_STRICT_PROTOTYPES = YES;
				CLANG_WARN_SUSPICIOUS_MOVE = YES;
				CLANG_WARN_UNGUARDED_AVAILABILITY = YES_AGGRESSIVE;
				CLANG_WARN_UNREACHABLE_CODE = YES;
				CLANG_WARN__DUPLICATE_METHOD_MATCH = YES;
				COPY_PHASE_STRIP = NO;
				DEBUG_INFORMATION_FORMAT = "dwarf-with-dsym";
				ENABLE_NS_ASSERTIONS = NO;
				ENABLE_STRICT_OBJC_MSGSEND = YES;
				GCC_C_LANGUAGE_STANDARD = gnu11;
				GCC_NO_COMMON_BLOCKS = YES;
				GCC_WARN_64_TO_32_BIT_CONVERSION = YES;
				GCC_WARN_ABOUT_RETURN_TYPE = YES_ERROR;
				GCC_WARN_UNDECLARED_SELECTOR = YES;
				GCC_WARN_UNINITIALIZED_AUTOS = YES_AGGRESSIVE;
				GCC_WARN_UNUSED_FUNCTION = YES;
				GCC_WARN_UNUSED_VARIABLE = YES;
				IPHONEOS_DEPLOYMENT_TARGET = 13.6;
				MTL_ENABLE_DEBUG_INFO = NO;
				MTL_FAST_MATH = YES;
				SDKROOT = iphoneos;
				SWIFT_COMPILATION_MODE = wholemodule;
				SWIFT_OPTIMIZATION_LEVEL = "-O";
				VALIDATE_PRODUCT = YES;
			};
			name = Release;
		};
		DACEC80A24FE817200B0A453 /* Debug */ = {
			isa = XCBuildConfiguration;
			baseConfigurationReference = 5D80271B30E8B488ADC2EEC8 /* Pods-Roasters.debug.xcconfig */;
			buildSettings = {
				ASSETCATALOG_COMPILER_APPICON_NAME = AppIcon;
				CODE_SIGN_STYLE = Automatic;
				DEVELOPMENT_TEAM = 7Y3Y9M4N4F;
				INFOPLIST_FILE = Roasters/Info.plist;
				LD_RUNPATH_SEARCH_PATHS = (
					"$(inherited)",
					"@executable_path/Frameworks",
				);
				PRODUCT_BUNDLE_IDENTIFIER = com.roasters.Roasters;
				PRODUCT_NAME = "$(TARGET_NAME)";
				SWIFT_VERSION = 5.0;
				TARGETED_DEVICE_FAMILY = "1,2";
			};
			name = Debug;
		};
		DACEC80B24FE817200B0A453 /* Release */ = {
			isa = XCBuildConfiguration;
			baseConfigurationReference = 1FE6A5F943DD1AAE37CE82B9 /* Pods-Roasters.release.xcconfig */;
			buildSettings = {
				ASSETCATALOG_COMPILER_APPICON_NAME = AppIcon;
				CODE_SIGN_STYLE = Automatic;
				DEVELOPMENT_TEAM = 7Y3Y9M4N4F;
				INFOPLIST_FILE = Roasters/Info.plist;
				LD_RUNPATH_SEARCH_PATHS = (
					"$(inherited)",
					"@executable_path/Frameworks",
				);
				PRODUCT_BUNDLE_IDENTIFIER = com.roasters.Roasters;
				PRODUCT_NAME = "$(TARGET_NAME)";
				SWIFT_VERSION = 5.0;
				TARGETED_DEVICE_FAMILY = "1,2";
			};
			name = Release;
		};
		DACEC80D24FE817200B0A453 /* Debug */ = {
			isa = XCBuildConfiguration;
			baseConfigurationReference = 44F82A33FA5FBBBFDAA871D8 /* Pods-RoastersTests.debug.xcconfig */;
			buildSettings = {
				ALWAYS_EMBED_SWIFT_STANDARD_LIBRARIES = YES;
				BUNDLE_LOADER = "$(TEST_HOST)";
				CODE_SIGN_STYLE = Automatic;
				DEVELOPMENT_TEAM = 7Y3Y9M4N4F;
				INFOPLIST_FILE = RoastersTests/Info.plist;
				IPHONEOS_DEPLOYMENT_TARGET = 13.6;
				LD_RUNPATH_SEARCH_PATHS = (
					"$(inherited)",
					"@executable_path/Frameworks",
					"@loader_path/Frameworks",
				);
				PRODUCT_BUNDLE_IDENTIFIER = com.roasters.RoastersTests;
				PRODUCT_NAME = "$(TARGET_NAME)";
				SWIFT_VERSION = 5.0;
				TARGETED_DEVICE_FAMILY = "1,2";
				TEST_HOST = "$(BUILT_PRODUCTS_DIR)/Roasters.app/Roasters";
			};
			name = Debug;
		};
		DACEC80E24FE817200B0A453 /* Release */ = {
			isa = XCBuildConfiguration;
			baseConfigurationReference = 82A7DAA6BD5C847A235A8E9B /* Pods-RoastersTests.release.xcconfig */;
			buildSettings = {
				ALWAYS_EMBED_SWIFT_STANDARD_LIBRARIES = YES;
				BUNDLE_LOADER = "$(TEST_HOST)";
				CODE_SIGN_STYLE = Automatic;
				DEVELOPMENT_TEAM = 7Y3Y9M4N4F;
				INFOPLIST_FILE = RoastersTests/Info.plist;
				IPHONEOS_DEPLOYMENT_TARGET = 13.6;
				LD_RUNPATH_SEARCH_PATHS = (
					"$(inherited)",
					"@executable_path/Frameworks",
					"@loader_path/Frameworks",
				);
				PRODUCT_BUNDLE_IDENTIFIER = com.roasters.RoastersTests;
				PRODUCT_NAME = "$(TARGET_NAME)";
				SWIFT_VERSION = 5.0;
				TARGETED_DEVICE_FAMILY = "1,2";
				TEST_HOST = "$(BUILT_PRODUCTS_DIR)/Roasters.app/Roasters";
			};
			name = Release;
		};
		DACEC81024FE817200B0A453 /* Debug */ = {
			isa = XCBuildConfiguration;
			baseConfigurationReference = EBE24F8379FEFB5DBE91F988 /* Pods-Roasters-RoastersUITests.debug.xcconfig */;
			buildSettings = {
				ALWAYS_EMBED_SWIFT_STANDARD_LIBRARIES = YES;
				CODE_SIGN_STYLE = Automatic;
				DEVELOPMENT_TEAM = 7Y3Y9M4N4F;
				INFOPLIST_FILE = RoastersUITests/Info.plist;
				LD_RUNPATH_SEARCH_PATHS = (
					"$(inherited)",
					"@executable_path/Frameworks",
					"@loader_path/Frameworks",
				);
				PRODUCT_BUNDLE_IDENTIFIER = com.roasters.RoastersUITests;
				PRODUCT_NAME = "$(TARGET_NAME)";
				SWIFT_VERSION = 5.0;
				TARGETED_DEVICE_FAMILY = "1,2";
				TEST_TARGET_NAME = Roasters;
			};
			name = Debug;
		};
		DACEC81124FE817200B0A453 /* Release */ = {
			isa = XCBuildConfiguration;
			baseConfigurationReference = E9ABBDA0624E8C790C28232D /* Pods-Roasters-RoastersUITests.release.xcconfig */;
			buildSettings = {
				ALWAYS_EMBED_SWIFT_STANDARD_LIBRARIES = YES;
				CODE_SIGN_STYLE = Automatic;
				DEVELOPMENT_TEAM = 7Y3Y9M4N4F;
				INFOPLIST_FILE = RoastersUITests/Info.plist;
				LD_RUNPATH_SEARCH_PATHS = (
					"$(inherited)",
					"@executable_path/Frameworks",
					"@loader_path/Frameworks",
				);
				PRODUCT_BUNDLE_IDENTIFIER = com.roasters.RoastersUITests;
				PRODUCT_NAME = "$(TARGET_NAME)";
				SWIFT_VERSION = 5.0;
				TARGETED_DEVICE_FAMILY = "1,2";
				TEST_TARGET_NAME = Roasters;
			};
			name = Release;
		};
/* End XCBuildConfiguration section */

/* Begin XCConfigurationList section */
		DACEC7D724FE816F00B0A453 /* Build configuration list for PBXProject "Roasters" */ = {
			isa = XCConfigurationList;
			buildConfigurations = (
				DACEC80724FE817200B0A453 /* Debug */,
				DACEC80824FE817200B0A453 /* Release */,
			);
			defaultConfigurationIsVisible = 0;
			defaultConfigurationName = Release;
		};
		DACEC80924FE817200B0A453 /* Build configuration list for PBXNativeTarget "Roasters" */ = {
			isa = XCConfigurationList;
			buildConfigurations = (
				DACEC80A24FE817200B0A453 /* Debug */,
				DACEC80B24FE817200B0A453 /* Release */,
			);
			defaultConfigurationIsVisible = 0;
			defaultConfigurationName = Release;
		};
		DACEC80C24FE817200B0A453 /* Build configuration list for PBXNativeTarget "RoastersTests" */ = {
			isa = XCConfigurationList;
			buildConfigurations = (
				DACEC80D24FE817200B0A453 /* Debug */,
				DACEC80E24FE817200B0A453 /* Release */,
			);
			defaultConfigurationIsVisible = 0;
			defaultConfigurationName = Release;
		};
		DACEC80F24FE817200B0A453 /* Build configuration list for PBXNativeTarget "RoastersUITests" */ = {
			isa = XCConfigurationList;
			buildConfigurations = (
				DACEC81024FE817200B0A453 /* Debug */,
				DACEC81124FE817200B0A453 /* Release */,
			);
			defaultConfigurationIsVisible = 0;
			defaultConfigurationName = Release;
		};
/* End XCConfigurationList section */

/* Begin XCVersionGroup section */
		DACEC7E824FE816F00B0A453 /* Roasters.xcdatamodeld */ = {
			isa = XCVersionGroup;
			children = (
				DACEC7E924FE816F00B0A453 /* Roasters.xcdatamodel */,
			);
			currentVersion = DACEC7E924FE816F00B0A453 /* Roasters.xcdatamodel */;
			path = Roasters.xcdatamodeld;
			sourceTree = "<group>";
			versionGroupType = wrapper.xcdatamodel;
		};
/* End XCVersionGroup section */
	};
	rootObject = DACEC7D424FE816F00B0A453 /* Project object */;
}
